
Microsoft Visual Studio Solution File, Format Version 12.00
# Visual Studio Version 17
VisualStudioVersion = 17.0.31423.177
MinimumVisualStudioVersion = 10.0.40219.1
Project("{9A19103F-16F7-4668-BE54-9A1E7A4F7556}") = "Yandex.Alice.Sdk", "src\Yandex.Alice.Sdk\Yandex.Alice.Sdk.csproj", "{064F4DD5-3DD9-4232-BE0F-3B8D4A6A0F5F}"
EndProject
Project("{9A19103F-16F7-4668-BE54-9A1E7A4F7556}") = "Yandex.Alice.Sdk.Tests", "tests\Yandex.Alice.Sdk.Tests\Yandex.Alice.Sdk.Tests.csproj", "{33AECE69-24B8-48F5-9D7F-90D51EA35BE8}"
EndProject
Project("{2150E333-8FDC-42A3-9474-1A3956D46DE8}") = "src", "src", "{2FC07DCD-958C-4654-9A6D-543CACF1A10B}"
EndProject
Project("{2150E333-8FDC-42A3-9474-1A3956D46DE8}") = "tests", "tests", "{93C5E538-7334-4E96-993F-9AB263BAB450}"
EndProject
Global
	GlobalSection(SolutionConfigurationPlatforms) = preSolution
		Debug SDK|Any CPU = Debug SDK|Any CPU
		Debug|Any CPU = Debug|Any CPU
		Release|Any CPU = Release|Any CPU
	EndGlobalSection
	GlobalSection(ProjectConfigurationPlatforms) = postSolution
		{064F4DD5-3DD9-4232-BE0F-3B8D4A6A0F5F}.Debug SDK|Any CPU.ActiveCfg = Debug SDK|Any CPU
		{064F4DD5-3DD9-4232-BE0F-3B8D4A6A0F5F}.Debug SDK|Any CPU.Build.0 = Debug SDK|Any CPU
		{064F4DD5-3DD9-4232-BE0F-3B8D4A6A0F5F}.Debug|Any CPU.ActiveCfg = Debug|Any CPU
		{064F4DD5-3DD9-4232-BE0F-3B8D4A6A0F5F}.Debug|Any CPU.Build.0 = Debug|Any CPU
		{064F4DD5-3DD9-4232-BE0F-3B8D4A6A0F5F}.Release|Any CPU.ActiveCfg = Release|Any CPU
		{064F4DD5-3DD9-4232-BE0F-3B8D4A6A0F5F}.Release|Any CPU.Build.0 = Release|Any CPU
		{33AECE69-24B8-48F5-9D7F-90D51EA35BE8}.Debug SDK|Any CPU.ActiveCfg = Debug|Any CPU
		{33AECE69-24B8-48F5-9D7F-90D51EA35BE8}.Debug SDK|Any CPU.Build.0 = Debug|Any CPU
		{33AECE69-24B8-48F5-9D7F-90D51EA35BE8}.Debug|Any CPU.ActiveCfg = Debug|Any CPU
		{33AECE69-24B8-48F5-9D7F-90D51EA35BE8}.Debug|Any CPU.Build.0 = Debug|Any CPU
		{33AECE69-24B8-48F5-9D7F-90D51EA35BE8}.Release|Any CPU.ActiveCfg = Release|Any CPU
		{33AECE69-24B8-48F5-9D7F-90D51EA35BE8}.Release|Any CPU.Build.0 = Release|Any CPU
	EndGlobalSection
	GlobalSection(SolutionProperties) = preSolution
		HideSolutionNode = FALSE
	EndGlobalSection
	GlobalSection(NestedProjects) = preSolution
		{064F4DD5-3DD9-4232-BE0F-3B8D4A6A0F5F} = {2FC07DCD-958C-4654-9A6D-543CACF1A10B}
		{33AECE69-24B8-48F5-9D7F-90D51EA35BE8} = {93C5E538-7334-4E96-993F-9AB263BAB450}
	EndGlobalSection
	GlobalSection(ExtensibilityGlobals) = postSolution
		SolutionGuid = {48F66109-72C4-46CC-BBE1-A2EE8CD2B48F}
	EndGlobalSection
EndGlobal
