
Microsoft Visual Studio Solution File, Format Version 12.00
# Visual Studio Version 16
VisualStudioVersion = 16.0.31729.503
MinimumVisualStudioVersion = 10.0.40219.1
Project("{9A19103F-16F7-4668-BE54-9A1E7A4F7556}") = "Yandex.Alice.Sdk", "src\Yandex.Alice.Sdk\Yandex.Alice.Sdk.csproj", "{064F4DD5-3DD9-4232-BE0F-3B8D4A6A0F5F}"
EndProject
Project("{9A19103F-16F7-4668-BE54-9A1E7A4F7556}") = "Yandex.Alice.Sdk.Tests", "tests\Yandex.Alice.Sdk.Tests\Yandex.Alice.Sdk.Tests.csproj", "{33AECE69-24B8-48F5-9D7F-90D51EA35BE8}"
EndProject
Project("{2150E333-8FDC-42A3-9474-1A3956D46DE8}") = "src", "src", "{2FC07DCD-958C-4654-9A6D-543CACF1A10B}"
EndProject
Project("{2150E333-8FDC-42A3-9474-1A3956D46DE8}") = "tests", "tests", "{93C5E538-7334-4E96-993F-9AB263BAB450}"
EndProject
Project("{9A19103F-16F7-4668-BE54-9A1E7A4F7556}") = "Yandex.Alice.Sdk.Demo", "src\Yandex.Alice.Sdk.Demo\Yandex.Alice.Sdk.Demo.csproj", "{D9D479AB-293D-4943-8593-C7F206F4BC8F}"
EndProject
Project("{9A19103F-16F7-4668-BE54-9A1E7A4F7556}") = "Yandex.Alice.Sdk.Demo.IntegrationTests", "tests\Yandex.Alice.Sdk.Demo.IntegrationTests\Yandex.Alice.Sdk.Demo.IntegrationTests.csproj", "{3CE5AC83-EB74-46B0-B116-D84A10F931CF}"
EndProject
Project("{E53339B2-1760-4266-BCC7-CA923CBCF16C}") = "docker-compose", "docker-compose.dcproj", "{4E76A42E-5948-4829-A7DF-AC14A4A1C67A}"
EndProject
Project("{2150E333-8FDC-42A3-9474-1A3956D46DE8}") = "Solution Items", "Solution Items", "{7162E358-FA20-43F3-9A11-E7EFC5CC2549}"
	ProjectSection(SolutionItems) = preProject
		.editorconfig = .editorconfig
	EndProjectSection
EndProject
Project("{9A19103F-16F7-4668-BE54-9A1E7A4F7556}") = "Yandex.Alice.Sdk.Demo.SmartHome.IntegrationTests", "tests\Yandex.Alice.Sdk.Demo.SmartHome.IntegrationTests\Yandex.Alice.Sdk.Demo.SmartHome.IntegrationTests.csproj", "{75FA4014-6111-4371-A51A-AF0182709210}"
EndProject
Project("{9A19103F-16F7-4668-BE54-9A1E7A4F7556}") = "Yandex.Alice.Sdk.Demo.SmartHome", "src\Yandex.Alice.Sdk.Demo.SmartHome\Yandex.Alice.Sdk.Demo.SmartHome.csproj", "{BB118B6E-AB4D-4787-9F74-14050CD1266F}"
EndProject
Global
	GlobalSection(SolutionConfigurationPlatforms) = preSolution
		Debug|Any CPU = Debug|Any CPU
		Release|Any CPU = Release|Any CPU
	EndGlobalSection
	GlobalSection(ProjectConfigurationPlatforms) = postSolution
		{064F4DD5-3DD9-4232-BE0F-3B8D4A6A0F5F}.Debug|Any CPU.ActiveCfg = Debug|Any CPU
		{064F4DD5-3DD9-4232-BE0F-3B8D4A6A0F5F}.Debug|Any CPU.Build.0 = Debug|Any CPU
		{064F4DD5-3DD9-4232-BE0F-3B8D4A6A0F5F}.Release|Any CPU.ActiveCfg = Release|Any CPU
		{064F4DD5-3DD9-4232-BE0F-3B8D4A6A0F5F}.Release|Any CPU.Build.0 = Release|Any CPU
		{33AECE69-24B8-48F5-9D7F-90D51EA35BE8}.Debug|Any CPU.ActiveCfg = Debug|Any CPU
		{33AECE69-24B8-48F5-9D7F-90D51EA35BE8}.Debug|Any CPU.Build.0 = Debug|Any CPU
		{33AECE69-24B8-48F5-9D7F-90D51EA35BE8}.Release|Any CPU.ActiveCfg = Release|Any CPU
		{33AECE69-24B8-48F5-9D7F-90D51EA35BE8}.Release|Any CPU.Build.0 = Release|Any CPU
		{D9D479AB-293D-4943-8593-C7F206F4BC8F}.Debug|Any CPU.ActiveCfg = Debug|Any CPU
		{D9D479AB-293D-4943-8593-C7F206F4BC8F}.Debug|Any CPU.Build.0 = Debug|Any CPU
		{D9D479AB-293D-4943-8593-C7F206F4BC8F}.Release|Any CPU.ActiveCfg = Release|Any CPU
		{D9D479AB-293D-4943-8593-C7F206F4BC8F}.Release|Any CPU.Build.0 = Release|Any CPU
		{3CE5AC83-EB74-46B0-B116-D84A10F931CF}.Debug|Any CPU.ActiveCfg = Debug|Any CPU
		{3CE5AC83-EB74-46B0-B116-D84A10F931CF}.Debug|Any CPU.Build.0 = Debug|Any CPU
		{3CE5AC83-EB74-46B0-B116-D84A10F931CF}.Release|Any CPU.ActiveCfg = Release|Any CPU
		{3CE5AC83-EB74-46B0-B116-D84A10F931CF}.Release|Any CPU.Build.0 = Release|Any CPU
		{4E76A42E-5948-4829-A7DF-AC14A4A1C67A}.Debug|Any CPU.ActiveCfg = Debug|Any CPU
		{4E76A42E-5948-4829-A7DF-AC14A4A1C67A}.Debug|Any CPU.Build.0 = Debug|Any CPU
		{4E76A42E-5948-4829-A7DF-AC14A4A1C67A}.Release|Any CPU.ActiveCfg = Release|Any CPU
		{4E76A42E-5948-4829-A7DF-AC14A4A1C67A}.Release|Any CPU.Build.0 = Release|Any CPU
		{75FA4014-6111-4371-A51A-AF0182709210}.Debug|Any CPU.ActiveCfg = Debug|Any CPU
		{75FA4014-6111-4371-A51A-AF0182709210}.Debug|Any CPU.Build.0 = Debug|Any CPU
		{75FA4014-6111-4371-A51A-AF0182709210}.Release|Any CPU.ActiveCfg = Release|Any CPU
		{75FA4014-6111-4371-A51A-AF0182709210}.Release|Any CPU.Build.0 = Release|Any CPU
		{BB118B6E-AB4D-4787-9F74-14050CD1266F}.Debug|Any CPU.ActiveCfg = Debug|Any CPU
		{BB118B6E-AB4D-4787-9F74-14050CD1266F}.Debug|Any CPU.Build.0 = Debug|Any CPU
		{BB118B6E-AB4D-4787-9F74-14050CD1266F}.Release|Any CPU.ActiveCfg = Release|Any CPU
		{BB118B6E-AB4D-4787-9F74-14050CD1266F}.Release|Any CPU.Build.0 = Release|Any CPU
	EndGlobalSection
	GlobalSection(SolutionProperties) = preSolution
		HideSolutionNode = FALSE
	EndGlobalSection
	GlobalSection(NestedProjects) = preSolution
		{064F4DD5-3DD9-4232-BE0F-3B8D4A6A0F5F} = {2FC07DCD-958C-4654-9A6D-543CACF1A10B}
		{33AECE69-24B8-48F5-9D7F-90D51EA35BE8} = {93C5E538-7334-4E96-993F-9AB263BAB450}
		{D9D479AB-293D-4943-8593-C7F206F4BC8F} = {2FC07DCD-958C-4654-9A6D-543CACF1A10B}
		{3CE5AC83-EB74-46B0-B116-D84A10F931CF} = {93C5E538-7334-4E96-993F-9AB263BAB450}
		{75FA4014-6111-4371-A51A-AF0182709210} = {93C5E538-7334-4E96-993F-9AB263BAB450}
		{BB118B6E-AB4D-4787-9F74-14050CD1266F} = {2FC07DCD-958C-4654-9A6D-543CACF1A10B}
	EndGlobalSection
	GlobalSection(ExtensibilityGlobals) = postSolution
		SolutionGuid = {48F66109-72C4-46CC-BBE1-A2EE8CD2B48F}
	EndGlobalSection
EndGlobal
